github.com/cansyan/kero v0.0.0-20260830125653-eed5fc099128 h1:osmr4KYYpDIVcmNOrXxP4j5y2GwX1rMgbghPz1rle2g=
github.com/cansyan/kero v0.0.0-20260830125653-eed5fc099128/go.mod h1:MNTk7A6EG028GvTTgCPsHqxvLyWF1HgFrQ5vySqyE9g=
github.com/clipperhouse/uax29/v2 v2.2.0 h1:ChwIKnQN3kcZteTXMgb1wztSgaU+ZemkgWdohwgs8tY=
github.com/clipperhouse/uax29/v2 v2.2.0/go.mod h1:EFJ2TJMRUaplDxHKj1qAEhCtQPW2tJSwu5BF98AuoVM=
github.com/mattn/go-runewidth v0.0.28 h1:rPyg2ybwEKPebvpzVWe1gKBkH8EQFkxO4Y0hjBeLaBU=
github.com/mattn/go-runewidth v0.0.28/go.mod h1:3qAiGCV4Koz/yuveO58qUefmUTRm8r0IGEXZ9jeHp/8=
